// !$*UTF8*$!
{
	archiveVersion = 1;
	classes = {
	};
	objectVersion = 50;
	objects = {

/* Begin PBXBuildFile section */
		932C106523AB2B3D00E184E8 /* AppDelegate.swift in Sources */ = {isa = PBXBuildFile; fileRef = 932C106423AB2B3D00E184E8 /* AppDelegate.swift */; };
		932C106723AB2B3D00E184E8 /* SceneDelegate.swift in Sources */ = {isa = PBXBuildFile; fileRef = 932C106623AB2B3D00E184E8 /* SceneDelegate.swift */; };
		932C106923AB2B3D00E184E8 /* ViewController.swift in Sources */ = {isa = PBXBuildFile; fileRef = 932C106823AB2B3D00E184E8 /* ViewController.swift */; };
		932C106C23AB2B3D00E184E8 /* Main.storyboard in Resources */ = {isa = PBXBuildFile; fileRef = 932C106A23AB2B3D00E184E8 /* Main.storyboard */; };
		932C106E23AB2B4000E184E8 /* Assets.xcassets in Resources */ = {isa = PBXBuildFile; fileRef = 932C106D23AB2B4000E184E8 /* Assets.xcassets */; };
		932C107123AB2B4000E184E8 /* LaunchScreen.storyboard in Resources */ = {isa = PBXBuildFile; fileRef = 932C106F23AB2B4000E184E8 /* LaunchScreen.storyboard */; };
		932C107623AB2B4000E184E8 /* HelloAppleWatch WatchKit App.app in Embed Watch Content */ = {isa = PBXBuildFile; fileRef = 932C107523AB2B4000E184E8 /* HelloAppleWatch WatchKit App.app */; settings = {ATTRIBUTES = (RemoveHeadersOnCopy, ); }; };
		932C107C23AB2B4000E184E8 /* Interface.storyboard in Resources */ = {isa = PBXBuildFile; fileRef = 932C107A23AB2B4000E184E8 /* Interface.storyboard */; };
		932C107E23AB2B4200E184E8 /* Assets.xcassets in Resources */ = {isa = PBXBuildFile; fileRef = 932C107D23AB2B4200E184E8 /* Assets.xcassets */; };
		932C108523AB2B4200E184E8 /* HelloAppleWatch WatchKit Extension.appex in Embed App Extensions */ = {isa = PBXBuildFile; fileRef = 932C108423AB2B4200E184E8 /* HelloAppleWatch WatchKit Extension.appex */; settings = {ATTRIBUTES = (RemoveHeadersOnCopy, ); }; };
		932C108A23AB2B4200E184E8 /* InterfaceController.swift in Sources */ = {isa = PBXBuildFile; fileRef = 932C108923AB2B4200E184E8 /* InterfaceController.swift */; };
		932C108C23AB2B4200E184E8 /* ExtensionDelegate.swift in Sources */ = {isa = PBXBuildFile; fileRef = 932C108B23AB2B4200E184E8 /* ExtensionDelegate.swift */; };
		932C108E23AB2B4400E184E8 /* Assets.xcassets in Resources */ = {isa = PBXBuildFile; fileRef = 932C108D23AB2B4400E184E8 /* Assets.xcassets */; };
		932C10A123AB2B8D00E184E8 /* EmojiData.swift in Sources */ = {isa = PBXBuildFile; fileRef = 932C109F23AB2B8C00E184E8 /* EmojiData.swift */; };
		932C10A223AB501C00E184E8 /* EmojiData.swift in Sources */ = {isa = PBXBuildFile; fileRef = 932C109F23AB2B8C00E184E8 /* EmojiData.swift */; };
/* End PBXBuildFile section */

/* Begin PBXContainerItemProxy section */
		932C107723AB2B4000E184E8 /* PBXContainerItemProxy */ = {
			isa = PBXContainerItemProxy;
			containerPortal = 932C105923AB2B3D00E184E8 /* Project object */;
			proxyType = 1;
			remoteGlobalIDString = 932C107423AB2B4000E184E8;
			remoteInfo = "HelloAppleWatch WatchKit App";
		};
		932C108623AB2B4200E184E8 /* PBXContainerItemProxy */ = {
			isa = PBXContainerItemProxy;
			containerPortal = 932C105923AB2B3D00E184E8 /* Project object */;
			proxyType = 1;
			remoteGlobalIDString = 932C108323AB2B4200E184E8;
			remoteInfo = "HelloAppleWatch WatchKit Extension";
		};
/* End PBXContainerItemProxy section */

/* Begin PBXCopyFilesBuildPhase section */
		932C109523AB2B4400E184E8 /* Embed App Extensions */ = {
			isa = PBXCopyFilesBuildPhase;
			buildActionMask = 2147483647;
			dstPath = "";
			dstSubfolderSpec = 13;
			files = (
				932C108523AB2B4200E184E8 /* HelloAppleWatch WatchKit Extension.appex in Embed App Extensions */,
			);
			name = "Embed App Extensions";
			runOnlyForDeploymentPostprocessing = 0;
		};
		932C109923AB2B4400E184E8 /* Embed Watch Content */ = {
			isa = PBXCopyFilesBuildPhase;
			buildActionMask = 2147483647;
			dstPath = "$(CONTENTS_FOLDER_PATH)/Watch";
			dstSubfolderSpec = 16;
			files = (
				932C107623AB2B4000E184E8 /* HelloAppleWatch WatchKit App.app in Embed Watch Content */,
			);
			name = "Embed Watch Content";
			runOnlyForDeploymentPostprocessing = 0;
		};
/* End PBXCopyFilesBuildPhase section */

/* Begin PBXFileReference section */
		932C106123AB2B3D00E184E8 /* HelloAppleWatch.app */ = {isa = PBXFileReference; explicitFileType = wrapper.application; includeInIndex = 0; path = HelloAppleWatch.app; sourceTree = BUILT_PRODUCTS_DIR; };
		932C106423AB2B3D00E184E8 /* AppDelegate.swift */ = {isa = PBXFileReference; lastKnownFileType = sourcecode.swift; path = AppDelegate.swift; sourceTree = "<group>"; };
		932C106623AB2B3D00E184E8 /* SceneDelegate.swift */ = {isa = PBXFileReference; lastKnownFileType = sourcecode.swift; path = SceneDelegate.swift; sourceTree = "<group>"; };
		932C106823AB2B3D00E184E8 /* ViewController.swift */ = {isa = PBXFileReference; lastKnownFileType = sourcecode.swift; path = ViewController.swift; sourceTree = "<group>"; };
		932C106B23AB2B3D00E184E8 /* Base */ = {isa = PBXFileReference; lastKnownFileType = file.storyboard; name = Base; path = Base.lproj/Main.storyboard; sourceTree = "<group>"; };
		932C106D23AB2B4000E184E8 /* Assets.xcassets */ = {isa = PBXFileReference; lastKnownFileType = folder.assetcatalog; path = Assets.xcassets; sourceTree = "<group>"; };
		932C107023AB2B4000E184E8 /* Base */ = {isa = PBXFileReference; lastKnownFileType = file.storyboard; name = Base; path = Base.lproj/LaunchScreen.storyboard; sourceTree = "<group>"; };
		932C107223AB2B4000E184E8 /* Info.plist */ = {isa = PBXFileReference; lastKnownFileType = text.plist.xml; path = Info.plist; sourceTree = "<group>"; };
		932C107523AB2B4000E184E8 /* HelloAppleWatch WatchKit App.app */ = {isa = PBXFileReference; explicitFileType = wrapper.application; includeInIndex = 0; path = "HelloAppleWatch WatchKit App.app"; sourceTree = BUILT_PRODUCTS_DIR; };
		932C107B23AB2B4000E184E8 /* Base */ = {isa = PBXFileReference; lastKnownFileType = file.storyboard; name = Base; path = Base.lproj/Interface.storyboard; sourceTree = "<group>"; };
		932C107D23AB2B4200E184E8 /* Assets.xcassets */ = {isa = PBXFileReference; lastKnownFileType = folder.assetcatalog; path = Assets.xcassets; sourceTree = "<group>"; };
		932C107F23AB2B4200E184E8 /* Info.plist */ = {isa = PBXFileReference; lastKnownFileType = text.plist.xml; path = Info.plist; sourceTree = "<group>"; };
		932C108423AB2B4200E184E8 /* HelloAppleWatch WatchKit Extension.appex */ = {isa = PBXFileReference; explicitFileType = "wrapper.app-extension"; includeInIndex = 0; path = "HelloAppleWatch WatchKit Extension.appex"; sourceTree = BUILT_PRODUCTS_DIR; };
		932C108923AB2B4200E184E8 /* InterfaceController.swift */ = {isa = PBXFileReference; lastKnownFileType = sourcecode.swift; path = InterfaceController.swift; sourceTree = "<group>"; };
		932C108B23AB2B4200E184E8 /* ExtensionDelegate.swift */ = {isa = PBXFileReference; lastKnownFileType = sourcecode.swift; path = ExtensionDelegate.swift; sourceTree = "<group>"; };
		932C108D23AB2B4400E184E8 /* Assets.xcassets */ = {isa = PBXFileReference; lastKnownFileType = folder.assetcatalog; path = Assets.xcassets; sourceTree = "<group>"; };
		932C108F23AB2B4400E184E8 /* Info.plist */ = {isa = PBXFileReference; lastKnownFileType = text.plist.xml; path = Info.plist; sourceTree = "<group>"; };
		932C109F23AB2B8C00E184E8 /* EmojiData.swift */ = {isa = PBXFileReference; fileEncoding = 4; lastKnownFileType = sourcecode.swift; path = EmojiData.swift; sourceTree = "<group>"; };
/* End PBXFileReference section */

/* Begin PBXFrameworksBuildPhase section */
		932C105E23AB2B3D00E184E8 /* Frameworks */ = {
			isa = PBXFrameworksBuildPhase;
			buildActionMask = 2147483647;
			files = (
			);
			runOnlyForDeploymentPostprocessing = 0;
		};
		932C108123AB2B4200E184E8 /* Frameworks */ = {
			isa = PBXFrameworksBuildPhase;
			buildActionMask = 2147483647;
			files = (
			);
			runOnlyForDeploymentPostprocessing = 0;
		};
/* End PBXFrameworksBuildPhase section */

/* Begin PBXGroup section */
		932C105823AB2B3D00E184E8 = {
			isa = PBXGroup;
			children = (
				932C109D23AB2B8C00E184E8 /* Shared */,
				932C106323AB2B3D00E184E8 /* HelloAppleWatch */,
				932C107923AB2B4000E184E8 /* HelloAppleWatch WatchKit App */,
				932C108823AB2B4200E184E8 /* HelloAppleWatch WatchKit Extension */,
				932C106223AB2B3D00E184E8 /* Products */,
			);
			sourceTree = "<group>";
		};
		932C106223AB2B3D00E184E8 /* Products */ = {
			isa = PBXGroup;
			children = (
				932C106123AB2B3D00E184E8 /* HelloAppleWatch.app */,
				932C107523AB2B4000E184E8 /* HelloAppleWatch WatchKit App.app */,
				932C108423AB2B4200E184E8 /* HelloAppleWatch WatchKit Extension.appex */,
			);
			name = Products;
			sourceTree = "<group>";
		};
		932C106323AB2B3D00E184E8 /* HelloAppleWatch */ = {
			isa = PBXGroup;
			children = (
				932C106423AB2B3D00E184E8 /* AppDelegate.swift */,
				932C106623AB2B3D00E184E8 /* SceneDelegate.swift */,
				932C106823AB2B3D00E184E8 /* ViewController.swift */,
				932C106A23AB2B3D00E184E8 /* Main.storyboard */,
				932C106D23AB2B4000E184E8 /* Assets.xcassets */,
				932C106F23AB2B4000E184E8 /* LaunchScreen.storyboard */,
				932C107223AB2B4000E184E8 /* Info.plist */,
			);
			path = HelloAppleWatch;
			sourceTree = "<group>";
		};
		932C107923AB2B4000E184E8 /* HelloAppleWatch WatchKit App */ = {
			isa = PBXGroup;
			children = (
				932C107A23AB2B4000E184E8 /* Interface.storyboard */,
				932C107D23AB2B4200E184E8 /* Assets.xcassets */,
				932C107F23AB2B4200E184E8 /* Info.plist */,
			);
			path = "HelloAppleWatch WatchKit App";
			sourceTree = "<group>";
		};
		932C108823AB2B4200E184E8 /* HelloAppleWatch WatchKit Extension */ = {
			isa = PBXGroup;
			children = (
				932C108923AB2B4200E184E8 /* InterfaceController.swift */,
				932C108B23AB2B4200E184E8 /* ExtensionDelegate.swift */,
				932C108D23AB2B4400E184E8 /* Assets.xcassets */,
				932C108F23AB2B4400E184E8 /* Info.plist */,
			);
			path = "HelloAppleWatch WatchKit Extension";
			sourceTree = "<group>";
		};
		932C109D23AB2B8C00E184E8 /* Shared */ = {
			isa = PBXGroup;
			children = (
				932C109F23AB2B8C00E184E8 /* EmojiData.swift */,
			);
			path = Shared;
			sourceTree = "<group>";
		};
/* End PBXGroup section */

/* Begin PBXNativeTarget section */
		932C106023AB2B3D00E184E8 /* HelloAppleWatch */ = {
			isa = PBXNativeTarget;
			buildConfigurationList = 932C109A23AB2B4400E184E8 /* Build configuration list for PBXNativeTarget "HelloAppleWatch" */;
			buildPhases = (
				932C105D23AB2B3D00E184E8 /* Sources */,
				932C105E23AB2B3D00E184E8 /* Frameworks */,
				932C105F23AB2B3D00E184E8 /* Resources */,
				932C109923AB2B4400E184E8 /* Embed Watch Content */,
			);
			buildRules = (
			);
			dependencies = (
				932C107823AB2B4000E184E8 /* PBXTargetDependency */,
			);
			name = HelloAppleWatch;
			productName = HelloAppleWatch;
			productReference = 932C106123AB2B3D00E184E8 /* HelloAppleWatch.app */;
			productType = "com.apple.product-type.application";
		};
		932C107423AB2B4000E184E8 /* HelloAppleWatch WatchKit App */ = {
			isa = PBXNativeTarget;
			buildConfigurationList = 932C109623AB2B4400E184E8 /* Build configuration list for PBXNativeTarget "HelloAppleWatch WatchKit App" */;
			buildPhases = (
				932C107323AB2B4000E184E8 /* Resources */,
				932C109523AB2B4400E184E8 /* Embed App Extensions */,
			);
			buildRules = (
			);
			dependencies = (
				932C108723AB2B4200E184E8 /* PBXTargetDependency */,
			);
			name = "HelloAppleWatch WatchKit App";
			productName = "HelloAppleWatch WatchKit App";
			productReference = 932C107523AB2B4000E184E8 /* HelloAppleWatch WatchKit App.app */;
			productType = "com.apple.product-type.application.watchapp2";
		};
		932C108323AB2B4200E184E8 /* HelloAppleWatch WatchKit Extension */ = {
			isa = PBXNativeTarget;
			buildConfigurationList = 932C109223AB2B4400E184E8 /* Build configuration list for PBXNativeTarget "HelloAppleWatch WatchKit Extension" */;
			buildPhases = (
				932C108023AB2B4200E184E8 /* Sources */,
				932C108123AB2B4200E184E8 /* Frameworks */,
				932C108223AB2B4200E184E8 /* Resources */,
			);
			buildRules = (
			);
			dependencies = (
			);
			name = "HelloAppleWatch WatchKit Extension";
			productName = "HelloAppleWatch WatchKit Extension";
			productReference = 932C108423AB2B4200E184E8 /* HelloAppleWatch WatchKit Extension.appex */;
			productType = "com.apple.product-type.watchkit2-extension";
		};
/* End PBXNativeTarget section */

/* Begin PBXProject section */
		932C105923AB2B3D00E184E8 /* Project object */ = {
			isa = PBXProject;
			attributes = {
				LastSwiftUpdateCheck = 1110;
				LastUpgradeCheck = 1110;
				ORGANIZATIONNAME = "鲍志轶";
				TargetAttributes = {
					932C106023AB2B3D00E184E8 = {
						CreatedOnToolsVersion = 11.1;
					};
					932C107423AB2B4000E184E8 = {
						CreatedOnToolsVersion = 11.1;
					};
					932C108323AB2B4200E184E8 = {
						CreatedOnToolsVersion = 11.1;
					};
				};
			};
			buildConfigurationList = 932C105C23AB2B3D00E184E8 /* Build configuration list for PBXProject "HelloAppleWatch" */;
			compatibilityVersion = "Xcode 9.3";
			developmentRegion = en;
			hasScannedForEncodings = 0;
			knownRegions = (
				en,
				Base,
			);
			mainGroup = 932C105823AB2B3D00E184E8;
			productRefGroup = 932C106223AB2B3D00E184E8 /* Products */;
			projectDirPath = "";
			projectRoot = "";
			targets = (
				932C106023AB2B3D00E184E8 /* HelloAppleWatch */,
				932C107423AB2B4000E184E8 /* HelloAppleWatch WatchKit App */,
				932C108323AB2B4200E184E8 /* HelloAppleWatch WatchKit Extension */,
			);
		};
/* End PBXProject section */

/* Begin PBXResourcesBuildPhase section */
		932C105F23AB2B3D00E184E8 /* Resources */ = {
			isa = PBXResourcesBuildPhase;
			buildActionMask = 2147483647;
			files = (
				932C107123AB2B4000E184E8 /* LaunchScreen.storyboard in Resources */,
				932C106E23AB2B4000E184E8 /* Assets.xcassets in Resources */,
				932C106C23AB2B3D00E184E8 /* Main.storyboard in Resources */,
			);
			runOnlyForDeploymentPostprocessing = 0;
		};
		932C107323AB2B4000E184E8 /* Resources */ = {
			isa = PBXResourcesBuildPhase;
			buildActionMask = 2147483647;
			files = (
				932C107E23AB2B4200E184E8 /* Assets.xcassets in Resources */,
				932C107C23AB2B4000E184E8 /* Interface.storyboard in Resources */,
			);
			runOnlyForDeploymentPostprocessing = 0;
		};
		932C108223AB2B4200E184E8 /* Resources */ = {
			isa = PBXResourcesBuildPhase;
			buildActionMask = 2147483647;
			files = (
				932C108E23AB2B4400E184E8 /* Assets.xcassets in Resources */,
			);
			runOnlyForDeploymentPostprocessing = 0;
		};
/* End PBXResourcesBuildPhase section */

/* Begin PBXSourcesBuildPhase section */
		932C105D23AB2B3D00E184E8 /* Sources */ = {
			isa = PBXSourcesBuildPhase;
			buildActionMask = 2147483647;
			files = (
				932C106923AB2B3D00E184E8 /* ViewController.swift in Sources */,
				932C106523AB2B3D00E184E8 /* AppDelegate.swift in Sources */,
				932C10A123AB2B8D00E184E8 /* EmojiData.swift in Sources */,
				932C106723AB2B3D00E184E8 /* SceneDelegate.swift in Sources */,
			);
			runOnlyForDeploymentPostprocessing = 0;
		};
		932C108023AB2B4200E184E8 /* Sources */ = {
			isa = PBXSourcesBuildPhase;
			buildActionMask = 2147483647;
			files = (
				932C108C23AB2B4200E184E8 /* ExtensionDelegate.swift in Sources */,
				932C10A223AB501C00E184E8 /* EmojiData.swift in Sources */,
				932C108A23AB2B4200E184E8 /* InterfaceController.swift in Sources */,
			);
			runOnlyForDeploymentPostprocessing = 0;
		};
/* End PBXSourcesBuildPhase section */

/* Begin PBXTargetDependency section */
		932C107823AB2B4000E184E8 /* PBXTargetDependency */ = {
			isa = PBXTargetDependency;
			target = 932C107423AB2B4000E184E8 /* HelloAppleWatch WatchKit App */;
			targetProxy = 932C107723AB2B4000E184E8 /* PBXContainerItemProxy */;
		};
		932C108723AB2B4200E184E8 /* PBXTargetDependency */ = {
			isa = PBXTargetDependency;
			target = 932C108323AB2B4200E184E8 /* HelloAppleWatch WatchKit Extension */;
			targetProxy = 932C108623AB2B4200E184E8 /* PBXContainerItemProxy */;
		};
/* End PBXTargetDependency section */

/* Begin PBXVariantGroup section */
		932C106A23AB2B3D00E184E8 /* Main.storyboard */ = {
			isa = PBXVariantGroup;
			children = (
				932C106B23AB2B3D00E184E8 /* Base */,
			);
			name = Main.storyboard;
			sourceTree = "<group>";
		};
		932C106F23AB2B4000E184E8 /* LaunchScreen.storyboard */ = {
			isa = PBXVariantGroup;
			children = (
				932C107023AB2B4000E184E8 /* Base */,
			);
			name = LaunchScreen.storyboard;
			sourceTree = "<group>";
		};
		932C107A23AB2B4000E184E8 /* Interface.storyboard */ = {
			isa = PBXVariantGroup;
			children = (
				932C107B23AB2B4000E184E8 /* Base */,
			);
			name = Interface.storyboard;
			sourceTree = "<group>";
		};
/* End PBXVariantGroup section */

/* Begin XCBuildConfiguration section */
		932C109023AB2B4400E184E8 /* Debug */ = {
			isa = XCBuildConfiguration;
			buildSettings = {
				ALWAYS_SEARCH_USER_PATHS = NO;
				CLANG_ANALYZER_NONNULL = YES;
				CLANG_ANALYZER_NUMBER_OBJECT_CONVERSION = YES_AGGRESSIVE;
				CLANG_CXX_LANGUAGE_STANDARD = "gnu++14";
				CLANG_CXX_LIBRARY = "libc++";
				CLANG_ENABLE_MODULES = YES;
				CLANG_ENABLE_OBJC_ARC = YES;
				CLANG_ENABLE_OBJC_WEAK = YES;
				CLANG_WARN_BLOCK_CAPTURE_AUTORELEASING = YES;
				CLANG_WARN_BOOL_CONVERSION = YES;
				CLANG_WARN_COMMA = YES;
				CLANG_WARN_CONSTANT_CONVERSION = YES;
				CLANG_WARN_DEPRECATED_OBJC_IMPLEMENTATIONS = YES;
				CLANG_WARN_DIRECT_OBJC_ISA_USAGE = YES_ERROR;
				CLANG_WARN_DOCUMENTATION_COMMENTS = YES;
				CLANG_WARN_EMPTY_BODY = YES;
				CLANG_WARN_ENUM_CONVERSION = YES;
				CLANG_WARN_INFINITE_RECURSION = YES;
				CLANG_WARN_INT_CONVERSION = YES;
				CLANG_WARN_NON_LITERAL_NULL_CONVERSION = YES;
				CLANG_WARN_OBJC_IMPLICIT_RETAIN_SELF = YES;
				CLANG_WARN_OBJC_LITERAL_CONVERSION = YES;
				CLANG_WARN_OBJC_ROOT_CLASS = YES_ERROR;
				CLANG_WARN_RANGE_LOOP_ANALYSIS = YES;
				CLANG_WARN_STRICT_PROTOTYPES = YES;
				CLANG_WARN_SUSPICIOUS_MOVE = YES;
				CLANG_WARN_UNGUARDED_AVAILABILITY = YES_AGGRESSIVE;
				CLANG_WARN_UNREACHABLE_CODE = YES;
				CLANG_WARN__DUPLICATE_METHOD_MATCH = YES;
				COPY_PHASE_STRIP = NO;
				DEBUG_INFORMATION_FORMAT = dwarf;
				ENABLE_STRICT_OBJC_MSGSEND = YES;
				ENABLE_TESTABILITY = YES;
				GCC_C_LANGUAGE_STANDARD = gnu11;
				GCC_DYNAMIC_NO_PIC = NO;
				GCC_NO_COMMON_BLOCKS = YES;
				GCC_OPTIMIZATION_LEVEL = 0;
				GCC_PREPROCESSOR_DEFINITIONS = (
					"DEBUG=1",
					"$(inherited)",
				);
				GCC_WARN_64_TO_32_BIT_CONVERSION = YES;
				GCC_WARN_ABOUT_RETURN_TYPE = YES_ERROR;
				GCC_WARN_UNDECLARED_SELECTOR = YES;
				GCC_WARN_UNINITIALIZED_AUTOS = YES_AGGRESSIVE;
				GCC_WARN_UNUSED_FUNCTION = YES;
				GCC_WARN_UNUSED_VARIABLE = YES;
				IPHONEOS_DEPLOYMENT_TARGET = 13.1;
				MTL_ENABLE_DEBUG_INFO = INCLUDE_SOURCE;
				MTL_FAST_MATH = YES;
				ONLY_ACTIVE_ARCH = YES;
				SDKROOT = iphoneos;
				SWIFT_ACTIVE_COMPILATION_CONDITIONS = DEBUG;
				SWIFT_OPTIMIZATION_LEVEL = "-Onone";
			};
			name = Debug;
		};
		932C109123AB2B4400E184E8 /* Release */ = {
			isa = XCBuildConfiguration;
			buildSettings = {
				ALWAYS_SEARCH_USER_PATHS = NO;
				CLANG_ANALYZER_NONNULL = YES;
				CLANG_ANALYZER_NUMBER_OBJECT_CONVERSION = YES_AGGRESSIVE;
				CLANG_CXX_LANGUAGE_STANDARD = "gnu++14";
				CLANG_CXX_LIBRARY = "libc++";
				CLANG_ENABLE_MODULES = YES;
				CLANG_ENABLE_OBJC_ARC = YES;
				CLANG_ENABLE_OBJC_WEAK = YES;
				CLANG_WARN_BLOCK_CAPTURE_AUTORELEASING = YES;
				CLANG_WARN_BOOL_CONVERSION = YES;
				CLANG_WARN_COMMA = YES;
				CLANG_WARN_CONSTANT_CONVERSION = YES;
				CLANG_WARN_DEPRECATED_OBJC_IMPLEMENTATIONS = YES;
				CLANG_WARN_DIRECT_OBJC_ISA_USAGE = YES_ERROR;
				CLANG_WARN_DOCUMENTATION_COMMENTS = YES;
				CLANG_WARN_EMPTY_BODY = YES;
				CLANG_WARN_ENUM_CONVERSION = YES;
				CLANG_WARN_INFINITE_RECURSION = YES;
				CLANG_WARN_INT_CONVERSION = YES;
				CLANG_WARN_NON_LITERAL_NULL_CONVERSION = YES;
				CLANG_WARN_OBJC_IMPLICIT_RETAIN_SELF = YES;
				CLANG_WARN_OBJC_LITERAL_CONVERSION = YES;
				CLANG_WARN_OBJC_ROOT_CLASS = YES_ERROR;
				CLANG_WARN_RANGE_LOOP_ANALYSIS = YES;
				CLANG_WARN_STRICT_PROTOTYPES = YES;
				CLANG_WARN_SUSPICIOUS_MOVE = YES;
				CLANG_WARN_UNGUARDED_AVAILABILITY = YES_AGGRESSIVE;
				CLANG_WARN_UNREACHABLE_CODE = YES;
				CLANG_WARN__DUPLICATE_METHOD_MATCH = YES;
				COPY_PHASE_STRIP = NO;
				DEBUG_INFORMATION_FORMAT = "dwarf-with-dsym";
				ENABLE_NS_ASSERTIONS = NO;
				ENABLE_STRICT_OBJC_MSGSEND = YES;
				GCC_C_LANGUAGE_STANDARD = gnu11;
				GCC_NO_COMMON_BLOCKS = YES;
				GCC_WARN_64_TO_32_BIT_CONVERSION = YES;
				GCC_WARN_ABOUT_RETURN_TYPE = YES_ERROR;
				GCC_WARN_UNDECLARED_SELECTOR = YES;
				GCC_WARN_UNINITIALIZED_AUTOS = YES_AGGRESSIVE;
				GCC_WARN_UNUSED_FUNCTION = YES;
				GCC_WARN_UNUSED_VARIABLE = YES;
				IPHONEOS_DEPLOYMENT_TARGET = 13.1;
				MTL_ENABLE_DEBUG_INFO = NO;
				MTL_FAST_MATH = YES;
				SDKROOT = iphoneos;
				SWIFT_COMPILATION_MODE = wholemodule;
				SWIFT_OPTIMIZATION_LEVEL = "-O";
				VALIDATE_PRODUCT = YES;
			};
			name = Release;
		};
		932C109323AB2B4400E184E8 /* Debug */ = {
			isa = XCBuildConfiguration;
			buildSettings = {
				ASSETCATALOG_COMPILER_COMPLICATION_NAME = Complication;
				CODE_SIGN_STYLE = Automatic;
				DEVELOPMENT_TEAM = XD4TAPBDS2;
				INFOPLIST_FILE = "HelloAppleWatch WatchKit Extension/Info.plist";
				LD_RUNPATH_SEARCH_PATHS = (
					"$(inherited)",
					"@executable_path/Frameworks",
					"@executable_path/../../Frameworks",
				);
				PRODUCT_BUNDLE_IDENTIFIER = baozhiyi.HelloAppleWatch.watchkitapp.watchkitextension;
				PRODUCT_NAME = "${TARGET_NAME}";
				SDKROOT = watchos;
				SKIP_INSTALL = YES;
				SWIFT_VERSION = 5.0;
				TARGETED_DEVICE_FAMILY = 4;
				WATCHOS_DEPLOYMENT_TARGET = 6.0;
			};
			name = Debug;
		};
		932C109423AB2B4400E184E8 /* Release */ = {
			isa = XCBuildConfiguration;
			buildSettings = {
				ASSETCATALOG_COMPILER_COMPLICATION_NAME = Complication;
				CODE_SIGN_STYLE = Automatic;
				DEVELOPMENT_TEAM = XD4TAPBDS2;
				INFOPLIST_FILE = "HelloAppleWatch WatchKit Extension/Info.plist";
				LD_RUNPATH_SEARCH_PATHS = (
					"$(inherited)",
					"@executable_path/Frameworks",
					"@executable_path/../../Frameworks",
				);
				PRODUCT_BUNDLE_IDENTIFIER = baozhiyi.HelloAppleWatch.watchkitapp.watchkitextension;
				PRODUCT_NAME = "${TARGET_NAME}";
				SDKROOT = watchos;
				SKIP_INSTALL = YES;
				SWIFT_VERSION = 5.0;
				TARGETED_DEVICE_FAMILY = 4;
				WATCHOS_DEPLOYMENT_TARGET = 6.0;
			};
			name = Release;
		};
		932C109723AB2B4400E184E8 /* Debug */ = {
			isa = XCBuildConfiguration;
			buildSettings = {
				ALWAYS_EMBED_SWIFT_STANDARD_LIBRARIES = YES;
				ASSETCATALOG_COMPILER_APPICON_NAME = AppIcon;
				CODE_SIGN_STYLE = Automatic;
				DEVELOPMENT_TEAM = XD4TAPBDS2;
				IBSC_MODULE = HelloAppleWatch_WatchKit_Extension;
				INFOPLIST_FILE = "HelloAppleWatch WatchKit App/Info.plist";
				PRODUCT_BUNDLE_IDENTIFIER = baozhiyi.HelloAppleWatch.watchkitapp;
				PRODUCT_NAME = "$(TARGET_NAME)";
				SDKROOT = watchos;
				SKIP_INSTALL = YES;
				SWIFT_VERSION = 5.0;
				TARGETED_DEVICE_FAMILY = 4;
				WATCHOS_DEPLOYMENT_TARGET = 6.0;
			};
			name = Debug;
		};
		932C109823AB2B4400E184E8 /* Release */ = {
			isa = XCBuildConfiguration;
			buildSettings = {
				ALWAYS_EMBED_SWIFT_STANDARD_LIBRARIES = YES;
				ASSETCATALOG_COMPILER_APPICON_NAME = AppIcon;
				CODE_SIGN_STYLE = Automatic;
				DEVELOPMENT_TEAM = XD4TAPBDS2;
				IBSC_MODULE = HelloAppleWatch_WatchKit_Extension;
				INFOPLIST_FILE = "HelloAppleWatch WatchKit App/Info.plist";
				PRODUCT_BUNDLE_IDENTIFIER = baozhiyi.HelloAppleWatch.watchkitapp;
				PRODUCT_NAME = "$(TARGET_NAME)";
				SDKROOT = watchos;
				SKIP_INSTALL = YES;
				SWIFT_VERSION = 5.0;
				TARGETED_DEVICE_FAMILY = 4;
				WATCHOS_DEPLOYMENT_TARGET = 6.0;
			};
			name = Release;
		};
		932C109B23AB2B4400E184E8 /* Debug */ = {
			isa = XCBuildConfiguration;
			buildSettings = {
				ASSETCATALOG_COMPILER_APPICON_NAME = AppIcon;
				CODE_SIGN_STYLE = Automatic;
				DEVELOPMENT_TEAM = XD4TAPBDS2;
				INFOPLIST_FILE = HelloAppleWatch/Info.plist;
				LD_RUNPATH_SEARCH_PATHS = (
					"$(inherited)",
					"@executable_path/Frameworks",
				);
				PRODUCT_BUNDLE_IDENTIFIER = baozhiyi.HelloAppleWatch;
				PRODUCT_NAME = "$(TARGET_NAME)";
				SWIFT_VERSION = 5.0;
				TARGETED_DEVICE_FAMILY = "1,2";
			};
			name = Debug;
		};
		932C109C23AB2B4400E184E8 /* Release */ = {
			isa = XCBuildConfiguration;
			buildSettings = {
				ASSETCATALOG_COMPILER_APPICON_NAME = AppIcon;
				CODE_SIGN_STYLE = Automatic;
				DEVELOPMENT_TEAM = XD4TAPBDS2;
				INFOPLIST_FILE = HelloAppleWatch/Info.plist;
				LD_RUNPATH_SEARCH_PATHS = (
					"$(inherited)",
					"@executable_path/Frameworks",
				);
				PRODUCT_BUNDLE_IDENTIFIER = baozhiyi.HelloAppleWatch;
				PRODUCT_NAME = "$(TARGET_NAME)";
				SWIFT_VERSION = 5.0;
				TARGETED_DEVICE_FAMILY = "1,2";
			};
			name = Release;
		};
/* End XCBuildConfiguration section */

/* Begin XCConfigurationList section */
		932C105C23AB2B3D00E184E8 /* Build configuration list for PBXProject "HelloAppleWatch" */ = {
			isa = XCConfigurationList;
			buildConfigurations = (
				932C109023AB2B4400E184E8 /* Debug */,
				932C109123AB2B4400E184E8 /* Release */,
			);
			defaultConfigurationIsVisible = 0;
			defaultConfigurationName = Release;
		};
		932C109223AB2B4400E184E8 /* Build configuration list for PBXNativeTarget "HelloAppleWatch WatchKit Extension" */ = {
			isa = XCConfigurationList;
			buildConfigurations = (
				932C109323AB2B4400E184E8 /* Debug */,
				932C109423AB2B4400E184E8 /* Release */,
			);
			defaultConfigurationIsVisible = 0;
			defaultConfigurationName = Release;
		};
		932C109623AB2B4400E184E8 /* Build configuration list for PBXNativeTarget "HelloAppleWatch WatchKit App" */ = {
			isa = XCConfigurationList;
			buildConfigurations = (
				932C109723AB2B4400E184E8 /* Debug */,
				932C109823AB2B4400E184E8 /* Release */,
			);
			defaultConfigurationIsVisible = 0;
			defaultConfigurationName = Release;
		};
		932C109A23AB2B4400E184E8 /* Build configuration list for PBXNativeTarget "HelloAppleWatch" */ = {
			isa = XCConfigurationList;
			buildConfigurations = (
				932C109B23AB2B4400E184E8 /* Debug */,
				932C109C23AB2B4400E184E8 /* Release */,
			);
			defaultConfigurationIsVisible = 0;
			defaultConfigurationName = Release;
		};
/* End XCConfigurationList section */
	};
	rootObject = 932C105923AB2B3D00E184E8 /* Project object */;
}
